// !$*UTF8*$!
{
	archiveVersion = 1;
	classes = {
	};
	objectVersion = 55;
	objects = {

/* Begin PBXBuildFile section */
		0AB4A52927AE35420088D0BC /* AppDelegate.swift in Sources */ = {isa = PBXBuildFile; fileRef = 0AB4A52827AE35420088D0BC /* AppDelegate.swift */; };
		0AB4A52B27AE35420088D0BC /* SceneDelegate.swift in Sources */ = {isa = PBXBuildFile; fileRef = 0AB4A52A27AE35420088D0BC /* SceneDelegate.swift */; };
		0AB4A52D27AE35420088D0BC /* ConversationsViewController.swift in Sources */ = {isa = PBXBuildFile; fileRef = 0AB4A52C27AE35420088D0BC /* ConversationsViewController.swift */; };
		0AB4A53027AE35420088D0BC /* Main.storyboard in Resources */ = {isa = PBXBuildFile; fileRef = 0AB4A52E27AE35420088D0BC /* Main.storyboard */; };
		0AB4A53227AE354A0088D0BC /* Assets.xcassets in Resources */ = {isa = PBXBuildFile; fileRef = 0AB4A53127AE354A0088D0BC /* Assets.xcassets */; };
		0AB4A53527AE354A0088D0BC /* LaunchScreen.storyboard in Resources */ = {isa = PBXBuildFile; fileRef = 0AB4A53327AE354A0088D0BC /* LaunchScreen.storyboard */; };
		0AB4A54327AE47250088D0BC /* LoginViewController.swift in Sources */ = {isa = PBXBuildFile; fileRef = 0AB4A54227AE47250088D0BC /* LoginViewController.swift */; };
		0AB4A54527AE475D0088D0BC /* RegisterViewController.swift in Sources */ = {isa = PBXBuildFile; fileRef = 0AB4A54427AE475D0088D0BC /* RegisterViewController.swift */; };
		0AB4A54727AE47990088D0BC /* PhotoViewerViewController.swift in Sources */ = {isa = PBXBuildFile; fileRef = 0AB4A54627AE47990088D0BC /* PhotoViewerViewController.swift */; };
		0AB4A54927AE47AB0088D0BC /* VideoPlayerViewController.swift in Sources */ = {isa = PBXBuildFile; fileRef = 0AB4A54827AE47AB0088D0BC /* VideoPlayerViewController.swift */; };
		0AB4A54B27AE47F00088D0BC /* NewConversationViewController.swift in Sources */ = {isa = PBXBuildFile; fileRef = 0AB4A54A27AE47F00088D0BC /* NewConversationViewController.swift */; };
		0AB4A54D27AE480A0088D0BC /* ProfileViewController.swift in Sources */ = {isa = PBXBuildFile; fileRef = 0AB4A54C27AE480A0088D0BC /* ProfileViewController.swift */; };
/* End PBXBuildFile section */

/* Begin PBXFileReference section */
		0AB4A52527AE35420088D0BC /* Messenger.app */ = {isa = PBXFileReference; explicitFileType = wrapper.application; includeInIndex = 0; path = Messenger.app; sourceTree = BUILT_PRODUCTS_DIR; };
		0AB4A52827AE35420088D0BC /* AppDelegate.swift */ = {isa = PBXFileReference; lastKnownFileType = sourcecode.swift; path = AppDelegate.swift; sourceTree = "<group>"; };
		0AB4A52A27AE35420088D0BC /* SceneDelegate.swift */ = {isa = PBXFileReference; lastKnownFileType = sourcecode.swift; path = SceneDelegate.swift; sourceTree = "<group>"; };
		0AB4A52C27AE35420088D0BC /* ConversationsViewController.swift */ = {isa = PBXFileReference; lastKnownFileType = sourcecode.swift; path = ConversationsViewController.swift; sourceTree = "<group>"; };
		0AB4A52F27AE35420088D0BC /* Base */ = {isa = PBXFileReference; lastKnownFileType = file.storyboard; name = Base; path = Base.lproj/Main.storyboard; sourceTree = "<group>"; };
		0AB4A53127AE354A0088D0BC /* Assets.xcassets */ = {isa = PBXFileReference; lastKnownFileType = folder.assetcatalog; path = Assets.xcassets; sourceTree = "<group>"; };
		0AB4A53427AE354A0088D0BC /* Base */ = {isa = PBXFileReference; lastKnownFileType = file.storyboard; name = Base; path = Base.lproj/LaunchScreen.storyboard; sourceTree = "<group>"; };
		0AB4A53627AE354A0088D0BC /* Info.plist */ = {isa = PBXFileReference; lastKnownFileType = text.plist.xml; path = Info.plist; sourceTree = "<group>"; };
		0AB4A54227AE47250088D0BC /* LoginViewController.swift */ = {isa = PBXFileReference; lastKnownFileType = sourcecode.swift; path = LoginViewController.swift; sourceTree = "<group>"; };
		0AB4A54427AE475D0088D0BC /* RegisterViewController.swift */ = {isa = PBXFileReference; lastKnownFileType = sourcecode.swift; path = RegisterViewController.swift; sourceTree = "<group>"; };
		0AB4A54627AE47990088D0BC /* PhotoViewerViewController.swift */ = {isa = PBXFileReference; lastKnownFileType = sourcecode.swift; path = PhotoViewerViewController.swift; sourceTree = "<group>"; };
		0AB4A54827AE47AB0088D0BC /* VideoPlayerViewController.swift */ = {isa = PBXFileReference; lastKnownFileType = sourcecode.swift; path = VideoPlayerViewController.swift; sourceTree = "<group>"; };
		0AB4A54A27AE47F00088D0BC /* NewConversationViewController.swift */ = {isa = PBXFileReference; lastKnownFileType = sourcecode.swift; path = NewConversationViewController.swift; sourceTree = "<group>"; };
		0AB4A54C27AE480A0088D0BC /* ProfileViewController.swift */ = {isa = PBXFileReference; lastKnownFileType = sourcecode.swift; path = ProfileViewController.swift; sourceTree = "<group>"; };
/* End PBXFileReference section */

/* Begin PBXFrameworksBuildPhase section */
		0AB4A52227AE35410088D0BC /* Frameworks */ = {
			isa = PBXFrameworksBuildPhase;
			buildActionMask = 2147483647;
			files = (
			);
			runOnlyForDeploymentPostprocessing = 0;
		};
/* End PBXFrameworksBuildPhase section */

/* Begin PBXGroup section */
		0AB4A51C27AE35410088D0BC = {
			isa = PBXGroup;
			children = (
				0AB4A52727AE35420088D0BC /* Messenger */,
				0AB4A52627AE35420088D0BC /* Products */,
			);
			sourceTree = "<group>";
		};
		0AB4A52627AE35420088D0BC /* Products */ = {
			isa = PBXGroup;
			children = (
				0AB4A52527AE35420088D0BC /* Messenger.app */,
			);
			name = Products;
			sourceTree = "<group>";
		};
		0AB4A52727AE35420088D0BC /* Messenger */ = {
			isa = PBXGroup;
			children = (
				0AB4A54027AE42A10088D0BC /* Resources */,
				0AB4A53F27AE42960088D0BC /* ViewModels */,
				0AB4A53E27AE42040088D0BC /* Models */,
				0AB4A53D27AE41FD0088D0BC /* Views */,
				0AB4A53C27AE41F10088D0BC /* Controllers */,
				0AB4A53627AE354A0088D0BC /* Info.plist */,
			);
			path = Messenger;
			sourceTree = "<group>";
		};
		0AB4A53C27AE41F10088D0BC /* Controllers */ = {
			isa = PBXGroup;
			children = (
				0AB4A52C27AE35420088D0BC /* ConversationsViewController.swift */,
				0AB4A54227AE47250088D0BC /* LoginViewController.swift */,
				0AB4A54427AE475D0088D0BC /* RegisterViewController.swift */,
				0AB4A54627AE47990088D0BC /* PhotoViewerViewController.swift */,
				0AB4A54827AE47AB0088D0BC /* VideoPlayerViewController.swift */,
				0AB4A54A27AE47F00088D0BC /* NewConversationViewController.swift */,
				0AB4A54C27AE480A0088D0BC /* ProfileViewController.swift */,
			);
			path = Controllers;
			sourceTree = "<group>";
		};
		0AB4A53D27AE41FD0088D0BC /* Views */ = {
			isa = PBXGroup;
			children = (
				0AB4A54127AE42FA0088D0BC /* Storyboards */,
				0AB4A53127AE354A0088D0BC /* Assets.xcassets */,
			);
			path = Views;
			sourceTree = "<group>";
		};
		0AB4A53E27AE42040088D0BC /* Models */ = {
			isa = PBXGroup;
			children = (
			);
			path = Models;
			sourceTree = "<group>";
		};
		0AB4A53F27AE42960088D0BC /* ViewModels */ = {
			isa = PBXGroup;
			children = (
			);
			path = ViewModels;
			sourceTree = "<group>";
		};
		0AB4A54027AE42A10088D0BC /* Resources */ = {
			isa = PBXGroup;
			children = (
				0AB4A52827AE35420088D0BC /* AppDelegate.swift */,
				0AB4A52A27AE35420088D0BC /* SceneDelegate.swift */,
			);
			path = Resources;
			sourceTree = "<group>";
		};
		0AB4A54127AE42FA0088D0BC /* Storyboards */ = {
			isa = PBXGroup;
			children = (
				0AB4A52E27AE35420088D0BC /* Main.storyboard */,
				0AB4A53327AE354A0088D0BC /* LaunchScreen.storyboard */,
			);
			path = Storyboards;
			sourceTree = "<group>";
		};
/* End PBXGroup section */

/* Begin PBXNativeTarget section */
		0AB4A52427AE35410088D0BC /* Messenger */ = {
			isa = PBXNativeTarget;
			buildConfigurationList = 0AB4A53927AE354A0088D0BC /* Build configuration list for PBXNativeTarget "Messenger" */;
			buildPhases = (
				0AB4A52127AE35410088D0BC /* Sources */,
				0AB4A52227AE35410088D0BC /* Frameworks */,
				0AB4A52327AE35410088D0BC /* Resources */,
			);
			buildRules = (
			);
			dependencies = (
			);
			name = Messenger;
			productName = Messenger;
			productReference = 0AB4A52527AE35420088D0BC /* Messenger.app */;
			productType = "com.apple.product-type.application";
		};
/* End PBXNativeTarget section */

/* Begin PBXProject section */
		0AB4A51D27AE35410088D0BC /* Project object */ = {
			isa = PBXProject;
			attributes = {
				BuildIndependentTargetsInParallel = 1;
				LastSwiftUpdateCheck = 1310;
				LastUpgradeCheck = 1310;
				TargetAttributes = {
					0AB4A52427AE35410088D0BC = {
						CreatedOnToolsVersion = 13.1;
					};
				};
			};
			buildConfigurationList = 0AB4A52027AE35410088D0BC /* Build configuration list for PBXProject "Messenger" */;
			compatibilityVersion = "Xcode 13.0";
			developmentRegion = en;
			hasScannedForEncodings = 0;
			knownRegions = (
				en,
				Base,
			);
			mainGroup = 0AB4A51C27AE35410088D0BC;
			productRefGroup = 0AB4A52627AE35420088D0BC /* Products */;
			projectDirPath = "";
			projectRoot = "";
			targets = (
				0AB4A52427AE35410088D0BC /* Messenger */,
			);
		};
/* End PBXProject section */

/* Begin PBXResourcesBuildPhase section */
		0AB4A52327AE35410088D0BC /* Resources */ = {
			isa = PBXResourcesBuildPhase;
			buildActionMask = 2147483647;
			files = (
				0AB4A53527AE354A0088D0BC /* LaunchScreen.storyboard in Resources */,
				0AB4A53227AE354A0088D0BC /* Assets.xcassets in Resources */,
				0AB4A53027AE35420088D0BC /* Main.storyboard in Resources */,
			);
			runOnlyForDeploymentPostprocessing = 0;
		};
/* End PBXResourcesBuildPhase section */

/* Begin PBXSourcesBuildPhase section */
		0AB4A52127AE35410088D0BC /* Sources */ = {
			isa = PBXSourcesBuildPhase;
			buildActionMask = 2147483647;
			files = (
				0AB4A54327AE47250088D0BC /* LoginViewController.swift in Sources */,
				0AB4A54527AE475D0088D0BC /* RegisterViewController.swift in Sources */,
				0AB4A54B27AE47F00088D0BC /* NewConversationViewController.swift in Sources */,
				0AB4A52D27AE35420088D0BC /* ConversationsViewController.swift in Sources */,
				0AB4A54927AE47AB0088D0BC /* VideoPlayerViewController.swift in Sources */,
				0AB4A52927AE35420088D0BC /* AppDelegate.swift in Sources */,
				0AB4A54D27AE480A0088D0BC /* ProfileViewController.swift in Sources */,
				0AB4A52B27AE35420088D0BC /* SceneDelegate.swift in Sources */,
				0AB4A54727AE47990088D0BC /* PhotoViewerViewController.swift in Sources */,
			);
			runOnlyForDeploymentPostprocessing = 0;
		};
/* End PBXSourcesBuildPhase section */

/* Begin PBXVariantGroup section */
		0AB4A52E27AE35420088D0BC /* Main.storyboard */ = {
			isa = PBXVariantGroup;
			children = (
				0AB4A52F27AE35420088D0BC /* Base */,
			);
			name = Main.storyboard;
			sourceTree = "<group>";
		};
		0AB4A53327AE354A0088D0BC /* LaunchScreen.storyboard */ = {
			isa = PBXVariantGroup;
			children = (
				0AB4A53427AE354A0088D0BC /* Base */,
			);
			name = LaunchScreen.storyboard;
			sourceTree = "<group>";
		};
/* End PBXVariantGroup section */

/* Begin XCBuildConfiguration section */
		0AB4A53727AE354A0088D0BC /* Debug */ = {
			isa = XCBuildConfiguration;
			buildSettings = {
				ALWAYS_SEARCH_USER_PATHS = NO;
				CLANG_ANALYZER_NONNULL = YES;
				CLANG_ANALYZER_NUMBER_OBJECT_CONVERSION = YES_AGGRESSIVE;
				CLANG_CXX_LANGUAGE_STANDARD = "gnu++17";
				CLANG_CXX_LIBRARY = "libc++";
				CLANG_ENABLE_MODULES = YES;
				CLANG_ENABLE_OBJC_ARC = YES;
				CLANG_ENABLE_OBJC_WEAK = YES;
				CLANG_WARN_BLOCK_CAPTURE_AUTORELEASING = YES;
				CLANG_WARN_BOOL_CONVERSION = YES;
				CLANG_WARN_COMMA = YES;
				CLANG_WARN_CONSTANT_CONVERSION = YES;
				CLANG_WARN_DEPRECATED_OBJC_IMPLEMENTATIONS = YES;
				CLANG_WARN_DIRECT_OBJC_ISA_USAGE = YES_ERROR;
				CLANG_WARN_DOCUMENTATION_COMMENTS = YES;
				CLANG_WARN_EMPTY_BODY = YES;
				CLANG_WARN_ENUM_CONVERSION = YES;
				CLANG_WARN_INFINITE_RECURSION = YES;
				CLANG_WARN_INT_CONVERSION = YES;
				CLANG_WARN_NON_LITERAL_NULL_CONVERSION = YES;
				CLANG_WARN_OBJC_IMPLICIT_RETAIN_SELF = YES;
				CLANG_WARN_OBJC_LITERAL_CONVERSION = YES;
				CLANG_WARN_OBJC_ROOT_CLASS = YES_ERROR;
				CLANG_WARN_QUOTED_INCLUDE_IN_FRAMEWORK_HEADER = YES;
				CLANG_WARN_RANGE_LOOP_ANALYSIS = YES;
				CLANG_WARN_STRICT_PROTOTYPES = YES;
				CLANG_WARN_SUSPICIOUS_MOVE = YES;
				CLANG_WARN_UNGUARDED_AVAILABILITY = YES_AGGRESSIVE;
				CLANG_WARN_UNREACHABLE_CODE = YES;
				CLANG_WARN__DUPLICATE_METHOD_MATCH = YES;
				COPY_PHASE_STRIP = NO;
				DEBUG_INFORMATION_FORMAT = dwarf;
				ENABLE_STRICT_OBJC_MSGSEND = YES;
				ENABLE_TESTABILITY = YES;
				GCC_C_LANGUAGE_STANDARD = gnu11;
				GCC_DYNAMIC_NO_PIC = NO;
				GCC_NO_COMMON_BLOCKS = YES;
				GCC_OPTIMIZATION_LEVEL = 0;
				GCC_PREPROCESSOR_DEFINITIONS = (
					"DEBUG=1",
					"$(inherited)",
				);
				GCC_WARN_64_TO_32_BIT_CONVERSION = YES;
				GCC_WARN_ABOUT_RETURN_TYPE = YES_ERROR;
				GCC_WARN_UNDECLARED_SELECTOR = YES;
				GCC_WARN_UNINITIALIZED_AUTOS = YES_AGGRESSIVE;
				GCC_WARN_UNUSED_FUNCTION = YES;
				GCC_WARN_UNUSED_VARIABLE = YES;
				IPHONEOS_DEPLOYMENT_TARGET = 15.0;
				MTL_ENABLE_DEBUG_INFO = INCLUDE_SOURCE;
				MTL_FAST_MATH = YES;
				ONLY_ACTIVE_ARCH = YES;
				SDKROOT = iphoneos;
				SWIFT_ACTIVE_COMPILATION_CONDITIONS = DEBUG;
				SWIFT_OPTIMIZATION_LEVEL = "-Onone";
			};
			name = Debug;
		};
		0AB4A53827AE354A0088D0BC /* Release */ = {
			isa = XCBuildConfiguration;
			buildSettings = {
				ALWAYS_SEARCH_USER_PATHS = NO;
				CLANG_ANALYZER_NONNULL = YES;
				CLANG_ANALYZER_NUMBER_OBJECT_CONVERSION = YES_AGGRESSIVE;
				CLANG_CXX_LANGUAGE_STANDARD = "gnu++17";
				CLANG_CXX_LIBRARY = "libc++";
				CLANG_ENABLE_MODULES = YES;
				CLANG_ENABLE_OBJC_ARC = YES;
				CLANG_ENABLE_OBJC_WEAK = YES;
				CLANG_WARN_BLOCK_CAPTURE_AUTORELEASING = YES;
				CLANG_WARN_BOOL_CONVERSION = YES;
				CLANG_WARN_COMMA = YES;
				CLANG_WARN_CONSTANT_CONVERSION = YES;
				CLANG_WARN_DEPRECATED_OBJC_IMPLEMENTATIONS = YES;
				CLANG_WARN_DIRECT_OBJC_ISA_USAGE = YES_ERROR;
				CLANG_WARN_DOCUMENTATION_COMMENTS = YES;
				CLANG_WARN_EMPTY_BODY = YES;
				CLANG_WARN_ENUM_CONVERSION = YES;
				CLANG_WARN_INFINITE_RECURSION = YES;
				CLANG_WARN_INT_CONVERSION = YES;
				CLANG_WARN_NON_LITERAL_NULL_CONVERSION = YES;
				CLANG_WARN_OBJC_IMPLICIT_RETAIN_SELF = YES;
				CLANG_WARN_OBJC_LITERAL_CONVERSION = YES;
				CLANG_WARN_OBJC_ROOT_CLASS = YES_ERROR;
				CLANG_WARN_QUOTED_INCLUDE_IN_FRAMEWORK_HEADER = YES;
				CLANG_WARN_RANGE_LOOP_ANALYSIS = YES;
				CLANG_WARN_STRICT_PROTOTYPES = YES;
				CLANG_WARN_SUSPICIOUS_MOVE = YES;
				CLANG_WARN_UNGUARDED_AVAILABILITY = YES_AGGRESSIVE;
				CLANG_WARN_UNREACHABLE_CODE = YES;
				CLANG_WARN__DUPLICATE_METHOD_MATCH = YES;
				COPY_PHASE_STRIP = NO;
				DEBUG_INFORMATION_FORMAT = "dwarf-with-dsym";
				ENABLE_NS_ASSERTIONS = NO;
				ENABLE_STRICT_OBJC_MSGSEND = YES;
				GCC_C_LANGUAGE_STANDARD = gnu11;
				GCC_NO_COMMON_BLOCKS = YES;
				GCC_WARN_64_TO_32_BIT_CONVERSION = YES;
				GCC_WARN_ABOUT_RETURN_TYPE = YES_ERROR;
				GCC_WARN_UNDECLARED_SELECTOR = YES;
				GCC_WARN_UNINITIALIZED_AUTOS = YES_AGGRESSIVE;
				GCC_WARN_UNUSED_FUNCTION = YES;
				GCC_WARN_UNUSED_VARIABLE = YES;
				IPHONEOS_DEPLOYMENT_TARGET = 15.0;
				MTL_ENABLE_DEBUG_INFO = NO;
				MTL_FAST_MATH = YES;
				SDKROOT = iphoneos;
				SWIFT_COMPILATION_MODE = wholemodule;
				SWIFT_OPTIMIZATION_LEVEL = "-O";
				VALIDATE_PRODUCT = YES;
			};
			name = Release;
		};
		0AB4A53A27AE354A0088D0BC /* Debug */ = {
			isa = XCBuildConfiguration;
			buildSettings = {
				ASSETCATALOG_COMPILER_APPICON_NAME = AppIcon;
				ASSETCATALOG_COMPILER_GLOBAL_ACCENT_COLOR_NAME = AccentColor;
				CODE_SIGN_STYLE = Automatic;
				CURRENT_PROJECT_VERSION = 1;
				DEVELOPMENT_TEAM = FU42HFCCML;
				GENERATE_INFOPLIST_FILE = YES;
				INFOPLIST_FILE = Messenger/Info.plist;
				INFOPLIST_KEY_UIApplicationSupportsIndirectInputEvents = YES;
				INFOPLIST_KEY_UILaunchStoryboardName = LaunchScreen;
				INFOPLIST_KEY_UIMainStoryboardFile = Main;
				INFOPLIST_KEY_UISupportedInterfaceOrientations = UIInterfaceOrientationPortrait;
				INFOPLIST_KEY_UISupportedInterfaceOrientations_iPad = "UIInterfaceOrientationPortrait UIInterfaceOrientationPortraitUpsideDown UIInterfaceOrientationLandscapeLeft UIInterfaceOrientationLandscapeRight";
				INFOPLIST_KEY_UISupportedInterfaceOrientations_iPhone = "UIInterfaceOrientationPortrait UIInterfaceOrientationLandscapeLeft UIInterfaceOrientationLandscapeRight";
				IPHONEOS_DEPLOYMENT_TARGET = 13.5;
				LD_RUNPATH_SEARCH_PATHS = (
					"$(inherited)",
					"@executable_path/Frameworks",
				);
				MARKETING_VERSION = 1.0;
				PRODUCT_BUNDLE_IDENTIFIER = com.mtscloud.matrix.Messenger;
				PRODUCT_NAME = "$(TARGET_NAME)";
				SWIFT_EMIT_LOC_STRINGS = YES;
				SWIFT_VERSION = 5.0;
				TARGETED_DEVICE_FAMILY = "1,2";
			};
			name = Debug;
		};
		0AB4A53B27AE354A0088D0BC /* Release */ = {
			isa = XCBuildConfiguration;
			buildSettings = {
				ASSETCATALOG_COMPILER_APPICON_NAME = AppIcon;
				ASSETCATALOG_COMPILER_GLOBAL_ACCENT_COLOR_NAME = AccentColor;
				CODE_SIGN_STYLE = Automatic;
				CURRENT_PROJECT_VERSION = 1;
				DEVELOPMENT_TEAM = FU42HFCCML;
				GENERATE_INFOPLIST_FILE = YES;
				INFOPLIST_FILE = Messenger/Info.plist;
				INFOPLIST_KEY_UIApplicationSupportsIndirectInputEvents = YES;
				INFOPLIST_KEY_UILaunchStoryboardName = LaunchScreen;
				INFOPLIST_KEY_UIMainStoryboardFile = Main;
				INFOPLIST_KEY_UISupportedInterfaceOrientations = UIInterfaceOrientationPortrait;
				INFOPLIST_KEY_UISupportedInterfaceOrientations_iPad = "UIInterfaceOrientationPortrait UIInterfaceOrientationPortraitUpsideDown UIInterfaceOrientationLandscapeLeft UIInterfaceOrientationLandscapeRight";
				INFOPLIST_KEY_UISupportedInterfaceOrientations_iPhone = "UIInterfaceOrientationPortrait UIInterfaceOrientationLandscapeLeft UIInterfaceOrientationLandscapeRight";
				IPHONEOS_DEPLOYMENT_TARGET = 13.5;
				LD_RUNPATH_SEARCH_PATHS = (
					"$(inherited)",
					"@executable_path/Frameworks",
				);
				MARKETING_VERSION = 1.0;
				PRODUCT_BUNDLE_IDENTIFIER = com.mtscloud.matrix.Messenger;
				PRODUCT_NAME = "$(TARGET_NAME)";
				SWIFT_EMIT_LOC_STRINGS = YES;
				SWIFT_VERSION = 5.0;
				TARGETED_DEVICE_FAMILY = "1,2";
			};
			name = Release;
		};
/* End XCBuildConfiguration section */

/* Begin XCConfigurationList section */
		0AB4A52027AE35410088D0BC /* Build configuration list for PBXProject "Messenger" */ = {
			isa = XCConfigurationList;
			buildConfigurations = (
				0AB4A53727AE354A0088D0BC /* Debug */,
				0AB4A53827AE354A0088D0BC /* Release */,
			);
			defaultConfigurationIsVisible = 0;
			defaultConfigurationName = Release;
		};
		0AB4A53927AE354A0088D0BC /* Build configuration list for PBXNativeTarget "Messenger" */ = {
			isa = XCConfigurationList;
			buildConfigurations = (
				0AB4A53A27AE354A0088D0BC /* Debug */,
				0AB4A53B27AE354A0088D0BC /* Release */,
			);
			defaultConfigurationIsVisible = 0;
			defaultConfigurationName = Release;
		};
/* End XCConfigurationList section */
	};
	rootObject = 0AB4A51D27AE35410088D0BC /* Project object */;
}
